// !$*UTF8*$!
{
	archiveVersion = 1;
	classes = {
	};
	objectVersion = 56;
	objects = {

/* Begin PBXBuildFile section */
		A8302E202BD0B5D8001F6338 /* ActivityMode.swift in Sources */ = {isa = PBXBuildFile; fileRef = A8302E1F2BD0B5D8001F6338 /* ActivityMode.swift */; };
		A8302E242BD49C91001F6338 /* RouteTimer.swift in Sources */ = {isa = PBXBuildFile; fileRef = A8302E232BD49C91001F6338 /* RouteTimer.swift */; };
		A8406CE92BCA06990022A221 /* RideApp.swift in Sources */ = {isa = PBXBuildFile; fileRef = A8406CE82BCA06990022A221 /* RideApp.swift */; };
		A8406CEB2BCA06990022A221 /* ContentView.swift in Sources */ = {isa = PBXBuildFile; fileRef = A8406CEA2BCA06990022A221 /* ContentView.swift */; };
		A8406CED2BCA069A0022A221 /* Assets.xcassets in Resources */ = {isa = PBXBuildFile; fileRef = A8406CEC2BCA069A0022A221 /* Assets.xcassets */; };
		A8406CF02BCA069A0022A221 /* Preview Assets.xcassets in Resources */ = {isa = PBXBuildFile; fileRef = A8406CEF2BCA069A0022A221 /* Preview Assets.xcassets */; };
		A8406CFC2BCB68440022A221 /* LocationManager.swift in Sources */ = {isa = PBXBuildFile; fileRef = A8406CFB2BCB68440022A221 /* LocationManager.swift */; };
		A8406D002BCB85170022A221 /* RoutesView.swift in Sources */ = {isa = PBXBuildFile; fileRef = A8406CFF2BCB85170022A221 /* RoutesView.swift */; };
		A8406D022BCB89270022A221 /* Route.swift in Sources */ = {isa = PBXBuildFile; fileRef = A8406D012BCB89270022A221 /* Route.swift */; };
		A8406D042BCB922B0022A221 /* RoutePoint.swift in Sources */ = {isa = PBXBuildFile; fileRef = A8406D032BCB922B0022A221 /* RoutePoint.swift */; };
		A8406D072BCB9B7F0022A221 /* DateExtension.swift in Sources */ = {isa = PBXBuildFile; fileRef = A8406D062BCB9B7F0022A221 /* DateExtension.swift */; };
		A8406D092BCB9F450022A221 /* TimeIntervalExtension.swift in Sources */ = {isa = PBXBuildFile; fileRef = A8406D082BCB9F450022A221 /* TimeIntervalExtension.swift */; };
		A8406D0B2BCBA1F10022A221 /* RouteDetailView.swift in Sources */ = {isa = PBXBuildFile; fileRef = A8406D0A2BCBA1F10022A221 /* RouteDetailView.swift */; };
		A8406D0D2BCBA21E0022A221 /* RouteStatsInListView.swift in Sources */ = {isa = PBXBuildFile; fileRef = A8406D0C2BCBA21E0022A221 /* RouteStatsInListView.swift */; };
		A8406D0F2BCBA6480022A221 /* CLLocationDistanceExtension.swift in Sources */ = {isa = PBXBuildFile; fileRef = A8406D0E2BCBA6480022A221 /* CLLocationDistanceExtension.swift */; };
		A8406D152BCBC2710022A221 /* ElevationChartView.swift in Sources */ = {isa = PBXBuildFile; fileRef = A8406D142BCBC2710022A221 /* ElevationChartView.swift */; };
		A8406D1A2BCBE60F0022A221 /* RouteStatsView.swift in Sources */ = {isa = PBXBuildFile; fileRef = A8406D192BCBE60F0022A221 /* RouteStatsView.swift */; };
		A8406D1C2BCBE6C10022A221 /* RouteMapView.swift in Sources */ = {isa = PBXBuildFile; fileRef = A8406D1B2BCBE6C10022A221 /* RouteMapView.swift */; };
		A8406D232BCBE8350022A221 /* StrokeStyleExtension.swift in Sources */ = {isa = PBXBuildFile; fileRef = A8406D222BCBE8350022A221 /* StrokeStyleExtension.swift */; };
		A8406D252BCC8EF20022A221 /* SpecificStatView.swift in Sources */ = {isa = PBXBuildFile; fileRef = A8406D242BCC8EF20022A221 /* SpecificStatView.swift */; };
		A8406D272BCCA9420022A221 /* MapSpeedLegendView.swift in Sources */ = {isa = PBXBuildFile; fileRef = A8406D262BCCA9410022A221 /* MapSpeedLegendView.swift */; };
		A8406D292BCCADF90022A221 /* MapView.swift in Sources */ = {isa = PBXBuildFile; fileRef = A8406D282BCCADF90022A221 /* MapView.swift */; };
		A8406D372BCDD4280022A221 /* OutOfActivityView.swift in Sources */ = {isa = PBXBuildFile; fileRef = A8406D362BCDD4280022A221 /* OutOfActivityView.swift */; };
		A8406D392BCDD5020022A221 /* InActivityView.swift in Sources */ = {isa = PBXBuildFile; fileRef = A8406D382BCDD5020022A221 /* InActivityView.swift */; };
		A8406D3B2BCDD57A0022A221 /* FontExtension.swift in Sources */ = {isa = PBXBuildFile; fileRef = A8406D3A2BCDD57A0022A221 /* FontExtension.swift */; };
		A88C31832BCE1806000B70EC /* SpeedometerView.swift in Sources */ = {isa = PBXBuildFile; fileRef = A88C31822BCE1806000B70EC /* SpeedometerView.swift */; };
		A88C31852BCE5041000B70EC /* ModelData.swift in Sources */ = {isa = PBXBuildFile; fileRef = A88C31842BCE5041000B70EC /* ModelData.swift */; };
		A88C31872BCE5F79000B70EC /* CLLocationSpeedExtension.swift in Sources */ = {isa = PBXBuildFile; fileRef = A88C31862BCE5F79000B70EC /* CLLocationSpeedExtension.swift */; };
		A88C318A2BCE6085000B70EC /* DoubleExtension.swift in Sources */ = {isa = PBXBuildFile; fileRef = A88C31892BCE6085000B70EC /* DoubleExtension.swift */; };
		A88C318E2BCE7C76000B70EC /* SpeedometerBar.swift in Sources */ = {isa = PBXBuildFile; fileRef = A88C318D2BCE7C76000B70EC /* SpeedometerBar.swift */; };
/* End PBXBuildFile section */

/* Begin PBXFileReference section */
		A8302E1F2BD0B5D8001F6338 /* ActivityMode.swift */ = {isa = PBXFileReference; lastKnownFileType = sourcecode.swift; path = ActivityMode.swift; sourceTree = "<group>"; };
		A8302E232BD49C91001F6338 /* RouteTimer.swift */ = {isa = PBXFileReference; lastKnownFileType = sourcecode.swift; path = RouteTimer.swift; sourceTree = "<group>"; };
		A8406CE52BCA06990022A221 /* Ride.app */ = {isa = PBXFileReference; explicitFileType = wrapper.application; includeInIndex = 0; path = Ride.app; sourceTree = BUILT_PRODUCTS_DIR; };
		A8406CE82BCA06990022A221 /* RideApp.swift */ = {isa = PBXFileReference; lastKnownFileType = sourcecode.swift; path = RideApp.swift; sourceTree = "<group>"; };
		A8406CEA2BCA06990022A221 /* ContentView.swift */ = {isa = PBXFileReference; lastKnownFileType = sourcecode.swift; path = ContentView.swift; sourceTree = "<group>"; };
		A8406CEC2BCA069A0022A221 /* Assets.xcassets */ = {isa = PBXFileReference; lastKnownFileType = folder.assetcatalog; path = Assets.xcassets; sourceTree = "<group>"; };
		A8406CEF2BCA069A0022A221 /* Preview Assets.xcassets */ = {isa = PBXFileReference; lastKnownFileType = folder.assetcatalog; path = "Preview Assets.xcassets"; sourceTree = "<group>"; };
		A8406CFB2BCB68440022A221 /* LocationManager.swift */ = {isa = PBXFileReference; lastKnownFileType = sourcecode.swift; path = LocationManager.swift; sourceTree = "<group>"; };
		A8406CFF2BCB85170022A221 /* RoutesView.swift */ = {isa = PBXFileReference; lastKnownFileType = sourcecode.swift; path = RoutesView.swift; sourceTree = "<group>"; };
		A8406D012BCB89270022A221 /* Route.swift */ = {isa = PBXFileReference; lastKnownFileType = sourcecode.swift; path = Route.swift; sourceTree = "<group>"; };
		A8406D032BCB922B0022A221 /* RoutePoint.swift */ = {isa = PBXFileReference; lastKnownFileType = sourcecode.swift; path = RoutePoint.swift; sourceTree = "<group>"; };
		A8406D062BCB9B7F0022A221 /* DateExtension.swift */ = {isa = PBXFileReference; lastKnownFileType = sourcecode.swift; path = DateExtension.swift; sourceTree = "<group>"; };
		A8406D082BCB9F450022A221 /* TimeIntervalExtension.swift */ = {isa = PBXFileReference; lastKnownFileType = sourcecode.swift; path = TimeIntervalExtension.swift; sourceTree = "<group>"; };
		A8406D0A2BCBA1F10022A221 /* RouteDetailView.swift */ = {isa = PBXFileReference; lastKnownFileType = sourcecode.swift; path = RouteDetailView.swift; sourceTree = "<group>"; };
		A8406D0C2BCBA21E0022A221 /* RouteStatsInListView.swift */ = {isa = PBXFileReference; lastKnownFileType = sourcecode.swift; path = RouteStatsInListView.swift; sourceTree = "<group>"; };
		A8406D0E2BCBA6480022A221 /* CLLocationDistanceExtension.swift */ = {isa = PBXFileReference; lastKnownFileType = sourcecode.swift; path = CLLocationDistanceExtension.swift; sourceTree = "<group>"; };
		A8406D142BCBC2710022A221 /* ElevationChartView.swift */ = {isa = PBXFileReference; lastKnownFileType = sourcecode.swift; path = ElevationChartView.swift; sourceTree = "<group>"; };
		A8406D192BCBE60F0022A221 /* RouteStatsView.swift */ = {isa = PBXFileReference; lastKnownFileType = sourcecode.swift; path = RouteStatsView.swift; sourceTree = "<group>"; };
		A8406D1B2BCBE6C10022A221 /* RouteMapView.swift */ = {isa = PBXFileReference; lastKnownFileType = sourcecode.swift; path = RouteMapView.swift; sourceTree = "<group>"; };
		A8406D222BCBE8350022A221 /* StrokeStyleExtension.swift */ = {isa = PBXFileReference; lastKnownFileType = sourcecode.swift; path = StrokeStyleExtension.swift; sourceTree = "<group>"; };
		A8406D242BCC8EF20022A221 /* SpecificStatView.swift */ = {isa = PBXFileReference; lastKnownFileType = sourcecode.swift; path = SpecificStatView.swift; sourceTree = "<group>"; };
		A8406D262BCCA9410022A221 /* MapSpeedLegendView.swift */ = {isa = PBXFileReference; lastKnownFileType = sourcecode.swift; path = MapSpeedLegendView.swift; sourceTree = "<group>"; };
		A8406D282BCCADF90022A221 /* MapView.swift */ = {isa = PBXFileReference; lastKnownFileType = sourcecode.swift; path = MapView.swift; sourceTree = "<group>"; };
		A8406D362BCDD4280022A221 /* OutOfActivityView.swift */ = {isa = PBXFileReference; lastKnownFileType = sourcecode.swift; path = OutOfActivityView.swift; sourceTree = "<group>"; };
		A8406D382BCDD5020022A221 /* InActivityView.swift */ = {isa = PBXFileReference; lastKnownFileType = sourcecode.swift; path = InActivityView.swift; sourceTree = "<group>"; };
		A8406D3A2BCDD57A0022A221 /* FontExtension.swift */ = {isa = PBXFileReference; lastKnownFileType = sourcecode.swift; path = FontExtension.swift; sourceTree = "<group>"; };
		A88C31822BCE1806000B70EC /* SpeedometerView.swift */ = {isa = PBXFileReference; lastKnownFileType = sourcecode.swift; path = SpeedometerView.swift; sourceTree = "<group>"; };
		A88C31842BCE5041000B70EC /* ModelData.swift */ = {isa = PBXFileReference; lastKnownFileType = sourcecode.swift; path = ModelData.swift; sourceTree = "<group>"; };
		A88C31862BCE5F79000B70EC /* CLLocationSpeedExtension.swift */ = {isa = PBXFileReference; lastKnownFileType = sourcecode.swift; path = CLLocationSpeedExtension.swift; sourceTree = "<group>"; };
		A88C31892BCE6085000B70EC /* DoubleExtension.swift */ = {isa = PBXFileReference; lastKnownFileType = sourcecode.swift; path = DoubleExtension.swift; sourceTree = "<group>"; };
		A88C318D2BCE7C76000B70EC /* SpeedometerBar.swift */ = {isa = PBXFileReference; lastKnownFileType = sourcecode.swift; path = SpeedometerBar.swift; sourceTree = "<group>"; };
/* End PBXFileReference section */

/* Begin PBXFrameworksBuildPhase section */
		A8406CE22BCA06990022A221 /* Frameworks */ = {
			isa = PBXFrameworksBuildPhase;
			buildActionMask = 2147483647;
			files = (
			);
			runOnlyForDeploymentPostprocessing = 0;
		};
/* End PBXFrameworksBuildPhase section */

/* Begin PBXGroup section */
		A8302E1C2BD0B1BE001F6338 /* RoutesTab */ = {
			isa = PBXGroup;
			children = (
				A8406CFF2BCB85170022A221 /* RoutesView.swift */,
				A8406D0C2BCBA21E0022A221 /* RouteStatsInListView.swift */,
				A8406D132BCBC25A0022A221 /* RouteDetail */,
			);
			path = RoutesTab;
			sourceTree = "<group>";
		};
		A8406CDC2BCA06990022A221 = {
			isa = PBXGroup;
			children = (
				A8406CE72BCA06990022A221 /* Ride */,
				A8406CE62BCA06990022A221 /* Products */,
			);
			sourceTree = "<group>";
		};
		A8406CE62BCA06990022A221 /* Products */ = {
			isa = PBXGroup;
			children = (
				A8406CE52BCA06990022A221 /* Ride.app */,
			);
			name = Products;
			sourceTree = "<group>";
		};
		A8406CE72BCA06990022A221 /* Ride */ = {
			isa = PBXGroup;
			children = (
				A8406CE82BCA06990022A221 /* RideApp.swift */,
				A8406CEA2BCA06990022A221 /* ContentView.swift */,
				A8406D052BCB9B760022A221 /* Utils */,
				A8406CFE2BCB84ED0022A221 /* Views */,
				A8406CF62BCA06A30022A221 /* Models */,
				A8406CEC2BCA069A0022A221 /* Assets.xcassets */,
				A8406CEE2BCA069A0022A221 /* Preview Content */,
			);
			path = Ride;
			sourceTree = "<group>";
		};
		A8406CEE2BCA069A0022A221 /* Preview Content */ = {
			isa = PBXGroup;
			children = (
				A8406CEF2BCA069A0022A221 /* Preview Assets.xcassets */,
			);
			path = "Preview Content";
			sourceTree = "<group>";
		};
		A8406CF62BCA06A30022A221 /* Models */ = {
			isa = PBXGroup;
			children = (
				A8406CFB2BCB68440022A221 /* LocationManager.swift */,
				A8406D012BCB89270022A221 /* Route.swift */,
				A8406D032BCB922B0022A221 /* RoutePoint.swift */,
				A88C31842BCE5041000B70EC /* ModelData.swift */,
				A8302E1F2BD0B5D8001F6338 /* ActivityMode.swift */,
				A8302E232BD49C91001F6338 /* RouteTimer.swift */,
			);
			path = Models;
			sourceTree = "<group>";
		};
		A8406CFE2BCB84ED0022A221 /* Views */ = {
			isa = PBXGroup;
			children = (
				A8302E1C2BD0B1BE001F6338 /* RoutesTab */,
				A8406D352BCDD40B0022A221 /* MapTab */,
			);
			path = Views;
			sourceTree = "<group>";
		};
		A8406D052BCB9B760022A221 /* Utils */ = {
			isa = PBXGroup;
			children = (
				A8406D062BCB9B7F0022A221 /* DateExtension.swift */,
				A8406D082BCB9F450022A221 /* TimeIntervalExtension.swift */,
				A8406D0E2BCBA6480022A221 /* CLLocationDistanceExtension.swift */,
				A88C31862BCE5F79000B70EC /* CLLocationSpeedExtension.swift */,
				A8406D222BCBE8350022A221 /* StrokeStyleExtension.swift */,
				A8406D3A2BCDD57A0022A221 /* FontExtension.swift */,
				A88C31892BCE6085000B70EC /* DoubleExtension.swift */,
			);
			path = Utils;
			sourceTree = "<group>";
		};
		A8406D132BCBC25A0022A221 /* RouteDetail */ = {
			isa = PBXGroup;
			children = (
				A8406D0A2BCBA1F10022A221 /* RouteDetailView.swift */,
				A8406D142BCBC2710022A221 /* ElevationChartView.swift */,
				A8406D192BCBE60F0022A221 /* RouteStatsView.swift */,
				A8406D1B2BCBE6C10022A221 /* RouteMapView.swift */,
				A8406D242BCC8EF20022A221 /* SpecificStatView.swift */,
				A8406D262BCCA9410022A221 /* MapSpeedLegendView.swift */,
			);
			path = RouteDetail;
			sourceTree = "<group>";
		};
		A8406D352BCDD40B0022A221 /* MapTab */ = {
			isa = PBXGroup;
			children = (
				A8406D282BCCADF90022A221 /* MapView.swift */,
				A8406D362BCDD4280022A221 /* OutOfActivityView.swift */,
				A8406D382BCDD5020022A221 /* InActivityView.swift */,
				A88C31822BCE1806000B70EC /* SpeedometerView.swift */,
				A88C318D2BCE7C76000B70EC /* SpeedometerBar.swift */,
			);
			path = MapTab;
			sourceTree = "<group>";
		};
/* End PBXGroup section */

/* Begin PBXNativeTarget section */
		A8406CE42BCA06990022A221 /* Ride */ = {
			isa = PBXNativeTarget;
			buildConfigurationList = A8406CF32BCA069A0022A221 /* Build configuration list for PBXNativeTarget "Ride" */;
			buildPhases = (
				A8406CE12BCA06990022A221 /* Sources */,
				A8406CE22BCA06990022A221 /* Frameworks */,
				A8406CE32BCA06990022A221 /* Resources */,
			);
			buildRules = (
			);
			dependencies = (
			);
			name = Ride;
			productName = Ride;
			productReference = A8406CE52BCA06990022A221 /* Ride.app */;
			productType = "com.apple.product-type.application";
		};
/* End PBXNativeTarget section */

/* Begin PBXProject section */
		A8406CDD2BCA06990022A221 /* Project object */ = {
			isa = PBXProject;
			attributes = {
				BuildIndependentTargetsInParallel = 1;
				LastSwiftUpdateCheck = 1520;
				LastUpgradeCheck = 1520;
				TargetAttributes = {
					A8406CE42BCA06990022A221 = {
						CreatedOnToolsVersion = 15.2;
					};
				};
			};
			buildConfigurationList = A8406CE02BCA06990022A221 /* Build configuration list for PBXProject "Ride" */;
			compatibilityVersion = "Xcode 14.0";
			developmentRegion = en;
			hasScannedForEncodings = 0;
			knownRegions = (
				en,
				Base,
			);
			mainGroup = A8406CDC2BCA06990022A221;
			productRefGroup = A8406CE62BCA06990022A221 /* Products */;
			projectDirPath = "";
			projectRoot = "";
			targets = (
				A8406CE42BCA06990022A221 /* Ride */,
			);
		};
/* End PBXProject section */

/* Begin PBXResourcesBuildPhase section */
		A8406CE32BCA06990022A221 /* Resources */ = {
			isa = PBXResourcesBuildPhase;
			buildActionMask = 2147483647;
			files = (
				A8406CF02BCA069A0022A221 /* Preview Assets.xcassets in Resources */,
				A8406CED2BCA069A0022A221 /* Assets.xcassets in Resources */,
			);
			runOnlyForDeploymentPostprocessing = 0;
		};
/* End PBXResourcesBuildPhase section */

/* Begin PBXSourcesBuildPhase section */
		A8406CE12BCA06990022A221 /* Sources */ = {
			isa = PBXSourcesBuildPhase;
			buildActionMask = 2147483647;
			files = (
				A8406D002BCB85170022A221 /* RoutesView.swift in Sources */,
				A8406D0B2BCBA1F10022A221 /* RouteDetailView.swift in Sources */,
				A8406D0D2BCBA21E0022A221 /* RouteStatsInListView.swift in Sources */,
				A8302E242BD49C91001F6338 /* RouteTimer.swift in Sources */,
				A88C31852BCE5041000B70EC /* ModelData.swift in Sources */,
				A8406D392BCDD5020022A221 /* InActivityView.swift in Sources */,
				A8406D072BCB9B7F0022A221 /* DateExtension.swift in Sources */,
				A8406D152BCBC2710022A221 /* ElevationChartView.swift in Sources */,
				A8406CEB2BCA06990022A221 /* ContentView.swift in Sources */,
				A8406D0F2BCBA6480022A221 /* CLLocationDistanceExtension.swift in Sources */,
				A8406D042BCB922B0022A221 /* RoutePoint.swift in Sources */,
				A8406CE92BCA06990022A221 /* RideApp.swift in Sources */,
				A8406D1C2BCBE6C10022A221 /* RouteMapView.swift in Sources */,
				A88C318A2BCE6085000B70EC /* DoubleExtension.swift in Sources */,
				A88C31872BCE5F79000B70EC /* CLLocationSpeedExtension.swift in Sources */,
				A8302E202BD0B5D8001F6338 /* ActivityMode.swift in Sources */,
				A8406D252BCC8EF20022A221 /* SpecificStatView.swift in Sources */,
				A8406D272BCCA9420022A221 /* MapSpeedLegendView.swift in Sources */,
				A8406D232BCBE8350022A221 /* StrokeStyleExtension.swift in Sources */,
				A8406D022BCB89270022A221 /* Route.swift in Sources */,
				A8406D292BCCADF90022A221 /* MapView.swift in Sources */,
				A8406D372BCDD4280022A221 /* OutOfActivityView.swift in Sources */,
				A88C31832BCE1806000B70EC /* SpeedometerView.swift in Sources */,
				A8406CFC2BCB68440022A221 /* LocationManager.swift in Sources */,
				A8406D1A2BCBE60F0022A221 /* RouteStatsView.swift in Sources */,
				A8406D092BCB9F450022A221 /* TimeIntervalExtension.swift in Sources */,
				A8406D3B2BCDD57A0022A221 /* FontExtension.swift in Sources */,
				A88C318E2BCE7C76000B70EC /* SpeedometerBar.swift in Sources */,
			);
			runOnlyForDeploymentPostprocessing = 0;
		};
/* End PBXSourcesBuildPhase section */

/* Begin XCBuildConfiguration section */
		A8406CF12BCA069A0022A221 /* Debug */ = {
			isa = XCBuildConfiguration;
			buildSettings = {
				ALWAYS_SEARCH_USER_PATHS = NO;
				ASSETCATALOG_COMPILER_GENERATE_SWIFT_ASSET_SYMBOL_EXTENSIONS = YES;
				CLANG_ANALYZER_NONNULL = YES;
				CLANG_ANALYZER_NUMBER_OBJECT_CONVERSION = YES_AGGRESSIVE;
				CLANG_CXX_LANGUAGE_STANDARD = "gnu++20";
				CLANG_ENABLE_MODULES = YES;
				CLANG_ENABLE_OBJC_ARC = YES;
				CLANG_ENABLE_OBJC_WEAK = YES;
				CLANG_WARN_BLOCK_CAPTURE_AUTORELEASING = YES;
				CLANG_WARN_BOOL_CONVERSION = YES;
				CLANG_WARN_COMMA = YES;
				CLANG_WARN_CONSTANT_CONVERSION = YES;
				CLANG_WARN_DEPRECATED_OBJC_IMPLEMENTATIONS = YES;
				CLANG_WARN_DIRECT_OBJC_ISA_USAGE = YES_ERROR;
				CLANG_WARN_DOCUMENTATION_COMMENTS = YES;
				CLANG_WARN_EMPTY_BODY = YES;
				CLANG_WARN_ENUM_CONVERSION = YES;
				CLANG_WARN_INFINITE_RECURSION = YES;
				CLANG_WARN_INT_CONVERSION = YES;
				CLANG_WARN_NON_LITERAL_NULL_CONVERSION = YES;
				CLANG_WARN_OBJC_IMPLICIT_RETAIN_SELF = YES;
				CLANG_WARN_OBJC_LITERAL_CONVERSION = YES;
				CLANG_WARN_OBJC_ROOT_CLASS = YES_ERROR;
				CLANG_WARN_QUOTED_INCLUDE_IN_FRAMEWORK_HEADER = YES;
				CLANG_WARN_RANGE_LOOP_ANALYSIS = YES;
				CLANG_WARN_STRICT_PROTOTYPES = YES;
				CLANG_WARN_SUSPICIOUS_MOVE = YES;
				CLANG_WARN_UNGUARDED_AVAILABILITY = YES_AGGRESSIVE;
				CLANG_WARN_UNREACHABLE_CODE = YES;
				CLANG_WARN__DUPLICATE_METHOD_MATCH = YES;
				COPY_PHASE_STRIP = NO;
				DEBUG_INFORMATION_FORMAT = dwarf;
				ENABLE_STRICT_OBJC_MSGSEND = YES;
				ENABLE_TESTABILITY = YES;
				ENABLE_USER_SCRIPT_SANDBOXING = YES;
				GCC_C_LANGUAGE_STANDARD = gnu17;
				GCC_DYNAMIC_NO_PIC = NO;
				GCC_NO_COMMON_BLOCKS = YES;
				GCC_OPTIMIZATION_LEVEL = 0;
				GCC_PREPROCESSOR_DEFINITIONS = (
					"DEBUG=1",
					"$(inherited)",
				);
				GCC_WARN_64_TO_32_BIT_CONVERSION = YES;
				GCC_WARN_ABOUT_RETURN_TYPE = YES_ERROR;
				GCC_WARN_UNDECLARED_SELECTOR = YES;
				GCC_WARN_UNINITIALIZED_AUTOS = YES_AGGRESSIVE;
				GCC_WARN_UNUSED_FUNCTION = YES;
				GCC_WARN_UNUSED_VARIABLE = YES;
				IPHONEOS_DEPLOYMENT_TARGET = 17.2;
				LOCALIZATION_PREFERS_STRING_CATALOGS = YES;
				MTL_ENABLE_DEBUG_INFO = INCLUDE_SOURCE;
				MTL_FAST_MATH = YES;
				ONLY_ACTIVE_ARCH = YES;
				SDKROOT = iphoneos;
				SWIFT_ACTIVE_COMPILATION_CONDITIONS = "DEBUG $(inherited)";
				SWIFT_OPTIMIZATION_LEVEL = "-Onone";
			};
			name = Debug;
		};
		A8406CF22BCA069A0022A221 /* Release */ = {
			isa = XCBuildConfiguration;
			buildSettings = {
				ALWAYS_SEARCH_USER_PATHS = NO;
				ASSETCATALOG_COMPILER_GENERATE_SWIFT_ASSET_SYMBOL_EXTENSIONS = YES;
				CLANG_ANALYZER_NONNULL = YES;
				CLANG_ANALYZER_NUMBER_OBJECT_CONVERSION = YES_AGGRESSIVE;
				CLANG_CXX_LANGUAGE_STANDARD = "gnu++20";
				CLANG_ENABLE_MODULES = YES;
				CLANG_ENABLE_OBJC_ARC = YES;
				CLANG_ENABLE_OBJC_WEAK = YES;
				CLANG_WARN_BLOCK_CAPTURE_AUTORELEASING = YES;
				CLANG_WARN_BOOL_CONVERSION = YES;
				CLANG_WARN_COMMA = YES;
				CLANG_WARN_CONSTANT_CONVERSION = YES;
				CLANG_WARN_DEPRECATED_OBJC_IMPLEMENTATIONS = YES;
				CLANG_WARN_DIRECT_OBJC_ISA_USAGE = YES_ERROR;
				CLANG_WARN_DOCUMENTATION_COMMENTS = YES;
				CLANG_WARN_EMPTY_BODY = YES;
				CLANG_WARN_ENUM_CONVERSION = YES;
				CLANG_WARN_INFINITE_RECURSION = YES;
				CLANG_WARN_INT_CONVERSION = YES;
				CLANG_WARN_NON_LITERAL_NULL_CONVERSION = YES;
				CLANG_WARN_OBJC_IMPLICIT_RETAIN_SELF = YES;
				CLANG_WARN_OBJC_LITERAL_CONVERSION = YES;
				CLANG_WARN_OBJC_ROOT_CLASS = YES_ERROR;
				CLANG_WARN_QUOTED_INCLUDE_IN_FRAMEWORK_HEADER = YES;
				CLANG_WARN_RANGE_LOOP_ANALYSIS = YES;
				CLANG_WARN_STRICT_PROTOTYPES = YES;
				CLANG_WARN_SUSPICIOUS_MOVE = YES;
				CLANG_WARN_UNGUARDED_AVAILABILITY = YES_AGGRESSIVE;
				CLANG_WARN_UNREACHABLE_CODE = YES;
				CLANG_WARN__DUPLICATE_METHOD_MATCH = YES;
				COPY_PHASE_STRIP = NO;
				DEBUG_INFORMATION_FORMAT = "dwarf-with-dsym";
				ENABLE_NS_ASSERTIONS = NO;
				ENABLE_STRICT_OBJC_MSGSEND = YES;
				ENABLE_USER_SCRIPT_SANDBOXING = YES;
				GCC_C_LANGUAGE_STANDARD = gnu17;
				GCC_NO_COMMON_BLOCKS = YES;
				GCC_WARN_64_TO_32_BIT_CONVERSION = YES;
				GCC_WARN_ABOUT_RETURN_TYPE = YES_ERROR;
				GCC_WARN_UNDECLARED_SELECTOR = YES;
				GCC_WARN_UNINITIALIZED_AUTOS = YES_AGGRESSIVE;
				GCC_WARN_UNUSED_FUNCTION = YES;
				GCC_WARN_UNUSED_VARIABLE = YES;
				IPHONEOS_DEPLOYMENT_TARGET = 17.2;
				LOCALIZATION_PREFERS_STRING_CATALOGS = YES;
				MTL_ENABLE_DEBUG_INFO = NO;
				MTL_FAST_MATH = YES;
				SDKROOT = iphoneos;
				SWIFT_COMPILATION_MODE = wholemodule;
				VALIDATE_PRODUCT = YES;
			};
			name = Release;
		};
		A8406CF42BCA069A0022A221 /* Debug */ = {
			isa = XCBuildConfiguration;
			buildSettings = {
				ASSETCATALOG_COMPILER_APPICON_NAME = AppIcon;
				ASSETCATALOG_COMPILER_GLOBAL_ACCENT_COLOR_NAME = AccentColor;
				CODE_SIGN_STYLE = Automatic;
				CURRENT_PROJECT_VERSION = 1;
				DEVELOPMENT_ASSET_PATHS = "\"Ride/Preview Content\"";
				DEVELOPMENT_TEAM = FR86D5B46K;
				ENABLE_PREVIEWS = YES;
				GENERATE_INFOPLIST_FILE = YES;
				INFOPLIST_KEY_NSLocationAlwaysAndWhenInUseUsageDescription = "Your location is required for Ride to function correctly";
				INFOPLIST_KEY_NSLocationWhenInUseUsageDescription = "Your location is required for Ride to function correctly";
				INFOPLIST_KEY_UIApplicationSceneManifest_Generation = YES;
				INFOPLIST_KEY_UIApplicationSupportsIndirectInputEvents = YES;
				INFOPLIST_KEY_UILaunchScreen_Generation = YES;
				INFOPLIST_KEY_UISupportedInterfaceOrientations_iPad = "UIInterfaceOrientationPortrait UIInterfaceOrientationPortraitUpsideDown UIInterfaceOrientationLandscapeLeft UIInterfaceOrientationLandscapeRight";
				INFOPLIST_KEY_UISupportedInterfaceOrientations_iPhone = "UIInterfaceOrientationPortrait UIInterfaceOrientationLandscapeLeft UIInterfaceOrientationLandscapeRight";
				LD_RUNPATH_SEARCH_PATHS = (
					"$(inherited)",
					"@executable_path/Frameworks",
				);
				MARKETING_VERSION = 1.0;
				PRODUCT_BUNDLE_IDENTIFIER = youngboris.Ride;
				PRODUCT_NAME = "$(TARGET_NAME)";
				SWIFT_EMIT_LOC_STRINGS = YES;
				SWIFT_VERSION = 5.0;
				TARGETED_DEVICE_FAMILY = "1,2";
			};
			name = Debug;
		};
		A8406CF52BCA069A0022A221 /* Release */ = {
			isa = XCBuildConfiguration;
			buildSettings = {
				ASSETCATALOG_COMPILER_APPICON_NAME = AppIcon;
				ASSETCATALOG_COMPILER_GLOBAL_ACCENT_COLOR_NAME = AccentColor;
				CODE_SIGN_STYLE = Automatic;
				CURRENT_PROJECT_VERSION = 1;
				DEVELOPMENT_ASSET_PATHS = "\"Ride/Preview Content\"";
				DEVELOPMENT_TEAM = FR86D5B46K;
				ENABLE_PREVIEWS = YES;
				GENERATE_INFOPLIST_FILE = YES;
				INFOPLIST_KEY_NSLocationAlwaysAndWhenInUseUsageDescription = "Your location is required for Ride to function correctly";
				INFOPLIST_KEY_NSLocationWhenInUseUsageDescription = "Your location is required for Ride to function correctly";
				INFOPLIST_KEY_UIApplicationSceneManifest_Generation = YES;
				INFOPLIST_KEY_UIApplicationSupportsIndirectInputEvents = YES;
				INFOPLIST_KEY_UILaunchScreen_Generation = YES;
				INFOPLIST_KEY_UISupportedInterfaceOrientations_iPad = "UIInterfaceOrientationPortrait UIInterfaceOrientationPortraitUpsideDown UIInterfaceOrientationLandscapeLeft UIInterfaceOrientationLandscapeRight";
				INFOPLIST_KEY_UISupportedInterfaceOrientations_iPhone = "UIInterfaceOrientationPortrait UIInterfaceOrientationLandscapeLeft UIInterfaceOrientationLandscapeRight";
				LD_RUNPATH_SEARCH_PATHS = (
					"$(inherited)",
					"@executable_path/Frameworks",
				);
				MARKETING_VERSION = 1.0;
				PRODUCT_BUNDLE_IDENTIFIER = youngboris.Ride;
				PRODUCT_NAME = "$(TARGET_NAME)";
				SWIFT_EMIT_LOC_STRINGS = YES;
				SWIFT_VERSION = 5.0;
				TARGETED_DEVICE_FAMILY = "1,2";
			};
			name = Release;
		};
/* End XCBuildConfiguration section */

/* Begin XCConfigurationList section */
		A8406CE02BCA06990022A221 /* Build configuration list for PBXProject "Ride" */ = {
			isa = XCConfigurationList;
			buildConfigurations = (
				A8406CF12BCA069A0022A221 /* Debug */,
				A8406CF22BCA069A0022A221 /* Release */,
			);
			defaultConfigurationIsVisible = 0;
			defaultConfigurationName = Release;
		};
		A8406CF32BCA069A0022A221 /* Build configuration list for PBXNativeTarget "Ride" */ = {
			isa = XCConfigurationList;
			buildConfigurations = (
				A8406CF42BCA069A0022A221 /* Debug */,
				A8406CF52BCA069A0022A221 /* Release */,
			);
			defaultConfigurationIsVisible = 0;
			defaultConfigurationName = Release;
		};
/* End XCConfigurationList section */
	};
	rootObject = A8406CDD2BCA06990022A221 /* Project object */;
}
